
Microsoft Visual Studio Solution File, Format Version 12.00
# Visual Studio Version 17
VisualStudioVersion = 17.14.36109.1
MinimumVisualStudioVersion = 10.0.40219.1
Project("{FAE04EC0-301F-11D3-BF4B-00C04F79EFBC}") = "BookingSport", "BookingSport.csproj", "{DBC467B7-B5F0-4B3F-8EB9-1FF166465DC2}"
EndProject
Project("{FAE04EC0-301F-11D3-BF4B-00C04F79EFBC}") = "AuthService", "..\AuthService\AuthService.csproj", "{ED9266C0-501D-44F0-A281-F8528A4D655E}"
EndProject
Project("{FAE04EC0-301F-11D3-BF4B-00C04F79EFBC}") = "ModelClass", "..\ModelClass\ModelClass.csproj", "{D925CC9E-A5F4-41E8-BCE8-0B50A27B4EAA}"
EndProject
Global
	GlobalSection(SolutionConfigurationPlatforms) = preSolution
		Debug|Any CPU = Debug|Any CPU
		Release|Any CPU = Release|Any CPU
	EndGlobalSection
	GlobalSection(ProjectConfigurationPlatforms) = postSolution
		{DBC467B7-B5F0-4B3F-8EB9-1FF166465DC2}.Debug|Any CPU.ActiveCfg = Debug|Any CPU
		{DBC467B7-B5F0-4B3F-8EB9-1FF166465DC2}.Debug|Any CPU.Build.0 = Debug|Any CPU
		{DBC467B7-B5F0-4B3F-8EB9-1FF166465DC2}.Release|Any CPU.ActiveCfg = Release|Any CPU
		{DBC467B7-B5F0-4B3F-8EB9-1FF166465DC2}.Release|Any CPU.Build.0 = Release|Any CPU
		{ED9266C0-501D-44F0-A281-F8528A4D655E}.Debug|Any CPU.ActiveCfg = Debug|Any CPU
		{ED9266C0-501D-44F0-A281-F8528A4D655E}.Debug|Any CPU.Build.0 = Debug|Any CPU
		{ED9266C0-501D-44F0-A281-F8528A4D655E}.Release|Any CPU.ActiveCfg = Release|Any CPU
		{ED9266C0-501D-44F0-A281-F8528A4D655E}.Release|Any CPU.Build.0 = Release|Any CPU
		{D925CC9E-A5F4-41E8-BCE8-0B50A27B4EAA}.Debug|Any CPU.ActiveCfg = Debug|Any CPU
		{D925CC9E-A5F4-41E8-BCE8-0B50A27B4EAA}.Debug|Any CPU.Build.0 = Debug|Any CPU
		{D925CC9E-A5F4-41E8-BCE8-0B50A27B4EAA}.Release|Any CPU.ActiveCfg = Release|Any CPU
		{D925CC9E-A5F4-41E8-BCE8-0B50A27B4EAA}.Release|Any CPU.Build.0 = Release|Any CPU
	EndGlobalSection
	GlobalSection(SolutionProperties) = preSolution
		HideSolutionNode = FALSE
	EndGlobalSection
	GlobalSection(ExtensibilityGlobals) = postSolution
		SolutionGuid = {0907BE66-C8B8-4ABB-96AA-0B8A7EA970A0}
	EndGlobalSection
EndGlobal
